{
  "name": "njs",
  "version": "1.0.0",
  "lockfileVersion": 3,
  "requires": true,
  "packages": {
    "": {
      "name": "njs",
      "version": "1.0.0",
      "license": "ISC",
      "dependencies": {
        "@mariad04/ajs": "^1.0.0"
      }
    },
    "node_modules/@mariad04/ajs": {
      "version": "1.0.0",
      "resolved": "https://npm.pkg.github.com/download/@mariad04/ajs/1.0.0/3dd16e210dbcace418c819a5197ff430889d9920",
      "integrity": "sha512-+DKpILKUkHwjrq5GUZCTQOHgUlsoKgrQdidpl4eLwMrwgnSPMOgqFIpee0PDcJy0aZ4NW5YAmK0u0ZSGbCfa3A==",
      "license": "ISC"
    }
  }
}
